
Microsoft Visual Studio Solution File, Format Version 12.00
# Visual Studio Version 17
VisualStudioVersion = 17.4.33205.214
MinimumVisualStudioVersion = 10.0.40219.1
Project("{9A19103F-16F7-4668-BE54-9A1E7A4F7556}") = "EshopAPI", "EshopAPI\EshopAPI.csproj", "{CEE91496-1784-4259-B61C-B6DCF792DF09}"
EndProject
Global
	GlobalSection(SolutionConfigurationPlatforms) = preSolution
		Debug|Any CPU = Debug|Any CPU
		Release|Any CPU = Release|Any CPU
	EndGlobalSection
	GlobalSection(ProjectConfigurationPlatforms) = postSolution
		{CEE91496-1784-4259-B61C-B6DCF792DF09}.Debug|Any CPU.ActiveCfg = Debug|Any CPU
		{CEE91496-1784-4259-B61C-B6DCF792DF09}.Debug|Any CPU.Build.0 = Debug|Any CPU
		{CEE91496-1784-4259-B61C-B6DCF792DF09}.Release|Any CPU.ActiveCfg = Release|Any CPU
		{CEE91496-1784-4259-B61C-B6DCF792DF09}.Release|Any CPU.Build.0 = Release|Any CPU
	EndGlobalSection
	GlobalSection(SolutionProperties) = preSolution
		HideSolutionNode = FALSE
	EndGlobalSection
	GlobalSection(ExtensibilityGlobals) = postSolution
		SolutionGuid = {9F923016-646F-4BC6-B505-10168A7A99AE}
	EndGlobalSection
EndGlobal
